
Microsoft Visual Studio Solution File, Format Version 12.00
# Visual Studio Version 17
VisualStudioVersion = 17.12.35527.113
MinimumVisualStudioVersion = 10.0.40219.1
Project("{FAE04EC0-301F-11D3-BF4B-00C04F79EFBC}") = "Tekus.Suppliers.WebApi", "Tekus.Suppliers.WebApi\Tekus.Suppliers.WebApi.csproj", "{FAB53AFE-8FF5-4633-9B9E-200539144D54}"
EndProject
Project("{FAE04EC0-301F-11D3-BF4B-00C04F79EFBC}") = "Tekus.Suppliers.WebApi.Application", "Tekus.Suppliers.WebApi.Application\Tekus.Suppliers.WebApi.Application.csproj", "{FCCDC7DA-4DD0-41BF-BA4F-61CFAE5AB9E8}"
EndProject
Project("{FAE04EC0-301F-11D3-BF4B-00C04F79EFBC}") = "Tekus.Suppliers.WebApi.Domain", "Tekus.Suppliers.WebApi.Domain\Tekus.Suppliers.WebApi.Domain.csproj", "{4EDC3916-3EA6-4B8A-A44B-F195A81F6A88}"
EndProject
Project("{FAE04EC0-301F-11D3-BF4B-00C04F79EFBC}") = "Tekus.Suppliers.WebApi.Infrastructure", "Tekus.Suppliers.WebApi.Infrastructure\Tekus.Suppliers.WebApi.Infrastructure.csproj", "{FC5E3D62-4B67-4CFB-AEA3-00CF5FB21B4A}"
EndProject
Project("{FAE04EC0-301F-11D3-BF4B-00C04F79EFBC}") = "Tekus.Suppliers.WebApi.Tests", "Tekus.Suppliers.WebApi.Tests\Tekus.Suppliers.WebApi.Tests.csproj", "{1A62A060-5930-4336-A8BF-FD64A63671B3}"
EndProject
Global
	GlobalSection(SolutionConfigurationPlatforms) = preSolution
		Debug|Any CPU = Debug|Any CPU
		Release|Any CPU = Release|Any CPU
	EndGlobalSection
	GlobalSection(ProjectConfigurationPlatforms) = postSolution
		{FAB53AFE-8FF5-4633-9B9E-200539144D54}.Debug|Any CPU.ActiveCfg = Debug|Any CPU
		{FAB53AFE-8FF5-4633-9B9E-200539144D54}.Debug|Any CPU.Build.0 = Debug|Any CPU
		{FAB53AFE-8FF5-4633-9B9E-200539144D54}.Release|Any CPU.ActiveCfg = Release|Any CPU
		{FAB53AFE-8FF5-4633-9B9E-200539144D54}.Release|Any CPU.Build.0 = Release|Any CPU
		{FCCDC7DA-4DD0-41BF-BA4F-61CFAE5AB9E8}.Debug|Any CPU.ActiveCfg = Debug|Any CPU
		{FCCDC7DA-4DD0-41BF-BA4F-61CFAE5AB9E8}.Debug|Any CPU.Build.0 = Debug|Any CPU
		{FCCDC7DA-4DD0-41BF-BA4F-61CFAE5AB9E8}.Release|Any CPU.ActiveCfg = Release|Any CPU
		{FCCDC7DA-4DD0-41BF-BA4F-61CFAE5AB9E8}.Release|Any CPU.Build.0 = Release|Any CPU
		{4EDC3916-3EA6-4B8A-A44B-F195A81F6A88}.Debug|Any CPU.ActiveCfg = Debug|Any CPU
		{4EDC3916-3EA6-4B8A-A44B-F195A81F6A88}.Debug|Any CPU.Build.0 = Debug|Any CPU
		{4EDC3916-3EA6-4B8A-A44B-F195A81F6A88}.Release|Any CPU.ActiveCfg = Release|Any CPU
		{4EDC3916-3EA6-4B8A-A44B-F195A81F6A88}.Release|Any CPU.Build.0 = Release|Any CPU
		{FC5E3D62-4B67-4CFB-AEA3-00CF5FB21B4A}.Debug|Any CPU.ActiveCfg = Debug|Any CPU
		{FC5E3D62-4B67-4CFB-AEA3-00CF5FB21B4A}.Debug|Any CPU.Build.0 = Debug|Any CPU
		{FC5E3D62-4B67-4CFB-AEA3-00CF5FB21B4A}.Release|Any CPU.ActiveCfg = Release|Any CPU
		{FC5E3D62-4B67-4CFB-AEA3-00CF5FB21B4A}.Release|Any CPU.Build.0 = Release|Any CPU
		{1A62A060-5930-4336-A8BF-FD64A63671B3}.Debug|Any CPU.ActiveCfg = Debug|Any CPU
		{1A62A060-5930-4336-A8BF-FD64A63671B3}.Debug|Any CPU.Build.0 = Debug|Any CPU
		{1A62A060-5930-4336-A8BF-FD64A63671B3}.Release|Any CPU.ActiveCfg = Release|Any CPU
		{1A62A060-5930-4336-A8BF-FD64A63671B3}.Release|Any CPU.Build.0 = Release|Any CPU
	EndGlobalSection
	GlobalSection(SolutionProperties) = preSolution
		HideSolutionNode = FALSE
	EndGlobalSection
EndGlobal
